// !$*UTF8*$!
{
	archiveVersion = 1;
	classes = {
	};
	objectVersion = 46;
	objects = {

/* Begin PBXBuildFile section */
		42377DF7E287B8CA42ED0BB5 /* Pods_storiesTelling.framework in Frameworks */ = {isa = PBXBuildFile; fileRef = DBD25511862AF39334F4675C /* Pods_storiesTelling.framework */; };
		941C9BF01C3D04F900534386 /* StorySummaryCellTableViewCell.swift in Sources */ = {isa = PBXBuildFile; fileRef = 941C9BEF1C3D04F900534386 /* StorySummaryCellTableViewCell.swift */; };
		941C9BF31C3D3E0900534386 /* StorySummaryViewController.swift in Sources */ = {isa = PBXBuildFile; fileRef = 941C9BF21C3D3E0900534386 /* StorySummaryViewController.swift */; };
		941C9C2B1C3E454B00534386 /* StoryDetialViewController.swift in Sources */ = {isa = PBXBuildFile; fileRef = 941C9C2A1C3E454B00534386 /* StoryDetialViewController.swift */; };
		941C9C2E1C3E5E0500534386 /* part1TableViewCell.swift in Sources */ = {isa = PBXBuildFile; fileRef = 941C9C2D1C3E5E0500534386 /* part1TableViewCell.swift */; };
		941C9C301C3E5E1400534386 /* subPartTableViewCell.swift in Sources */ = {isa = PBXBuildFile; fileRef = 941C9C2F1C3E5E1400534386 /* subPartTableViewCell.swift */; };
		941C9C321C3E5E2800534386 /* subPartListTableViewCell.swift in Sources */ = {isa = PBXBuildFile; fileRef = 941C9C311C3E5E2800534386 /* subPartListTableViewCell.swift */; };
		941E3F891C43A90000E8A9AB /* facebookLoginViewController.swift in Sources */ = {isa = PBXBuildFile; fileRef = 941E3F881C43A90000E8A9AB /* facebookLoginViewController.swift */; };
		94453D1C1C44AB0100B0C936 /* createStoryViewController.swift in Sources */ = {isa = PBXBuildFile; fileRef = 94453D1B1C44AB0100B0C936 /* createStoryViewController.swift */; };
		94453D1E1C44D7AF00B0C936 /* memberViewController.swift in Sources */ = {isa = PBXBuildFile; fileRef = 94453D1D1C44D7AF00B0C936 /* memberViewController.swift */; };
		94453D891C4771F400B0C936 /* Story.swift in Sources */ = {isa = PBXBuildFile; fileRef = 94453D881C4771F400B0C936 /* Story.swift */; };
		945103551C4CD74200679F89 /* squareDisplayTableViewCell.swift in Sources */ = {isa = PBXBuildFile; fileRef = 945103531C4CD74200679F89 /* squareDisplayTableViewCell.swift */; };
		945103561C4CD74200679F89 /* squareDisplayTableViewCell.xib in Resources */ = {isa = PBXBuildFile; fileRef = 945103541C4CD74200679F89 /* squareDisplayTableViewCell.xib */; };
		945103591C4CDA4200679F89 /* CollectionViewCell.swift in Sources */ = {isa = PBXBuildFile; fileRef = 945103571C4CDA4200679F89 /* CollectionViewCell.swift */; };
		9451035A1C4CDA4200679F89 /* CollectionViewCell.xib in Resources */ = {isa = PBXBuildFile; fileRef = 945103581C4CDA4200679F89 /* CollectionViewCell.xib */; };
		9451035E1C4CE5D400679F89 /* Parent.swift in Sources */ = {isa = PBXBuildFile; fileRef = 9451035D1C4CE5D400679F89 /* Parent.swift */; };
		9451038E1C4E0ED000679F89 /* Avatar.swift in Sources */ = {isa = PBXBuildFile; fileRef = 9451038D1C4E0ED000679F89 /* Avatar.swift */; };
		947BA0791C48C5AC001C9EAB /* photoViewController.swift in Sources */ = {isa = PBXBuildFile; fileRef = 947BA0781C48C5AC001C9EAB /* photoViewController.swift */; };
		94A872F01C28EF0C00E3ABB0 /* AppDelegate.swift in Sources */ = {isa = PBXBuildFile; fileRef = 94A872EF1C28EF0C00E3ABB0 /* AppDelegate.swift */; };
		94A872F21C28EF0C00E3ABB0 /* ViewController.swift in Sources */ = {isa = PBXBuildFile; fileRef = 94A872F11C28EF0C00E3ABB0 /* ViewController.swift */; };
		94A872F51C28EF0C00E3ABB0 /* Main.storyboard in Resources */ = {isa = PBXBuildFile; fileRef = 94A872F31C28EF0C00E3ABB0 /* Main.storyboard */; };
		94A872F71C28EF0C00E3ABB0 /* Assets.xcassets in Resources */ = {isa = PBXBuildFile; fileRef = 94A872F61C28EF0C00E3ABB0 /* Assets.xcassets */; };
		94A872FA1C28EF0C00E3ABB0 /* LaunchScreen.storyboard in Resources */ = {isa = PBXBuildFile; fileRef = 94A872F81C28EF0C00E3ABB0 /* LaunchScreen.storyboard */; };
		94A873051C28EF0C00E3ABB0 /* storiesTellingTests.swift in Sources */ = {isa = PBXBuildFile; fileRef = 94A873041C28EF0C00E3ABB0 /* storiesTellingTests.swift */; };
		94FFE8331C424E9C0052F92E /* writePart1ViewController.swift in Sources */ = {isa = PBXBuildFile; fileRef = 94FFE8321C424E9C0052F92E /* writePart1ViewController.swift */; };
/* End PBXBuildFile section */

/* Begin PBXContainerItemProxy section */
		94A873011C28EF0C00E3ABB0 /* PBXContainerItemProxy */ = {
			isa = PBXContainerItemProxy;
			containerPortal = 94A872E41C28EF0C00E3ABB0 /* Project object */;
			proxyType = 1;
			remoteGlobalIDString = 94A872EB1C28EF0C00E3ABB0;
			remoteInfo = storiesTelling;
		};
/* End PBXContainerItemProxy section */

/* Begin PBXFileReference section */
		50E5C7A1E301D131BA036A59 /* Pods-storiesTelling.debug.xcconfig */ = {isa = PBXFileReference; includeInIndex = 1; lastKnownFileType = text.xcconfig; name = "Pods-storiesTelling.debug.xcconfig"; path = "Pods/Target Support Files/Pods-storiesTelling/Pods-storiesTelling.debug.xcconfig"; sourceTree = "<group>"; };
		7F4E9D0182462CC265055296 /* Pods-storiesTelling.release.xcconfig */ = {isa = PBXFileReference; includeInIndex = 1; lastKnownFileType = text.xcconfig; name = "Pods-storiesTelling.release.xcconfig"; path = "Pods/Target Support Files/Pods-storiesTelling/Pods-storiesTelling.release.xcconfig"; sourceTree = "<group>"; };
		941C9BEF1C3D04F900534386 /* StorySummaryCellTableViewCell.swift */ = {isa = PBXFileReference; fileEncoding = 4; lastKnownFileType = sourcecode.swift; path = StorySummaryCellTableViewCell.swift; sourceTree = "<group>"; };
		941C9BF21C3D3E0900534386 /* StorySummaryViewController.swift */ = {isa = PBXFileReference; fileEncoding = 4; lastKnownFileType = sourcecode.swift; path = StorySummaryViewController.swift; sourceTree = "<group>"; };
		941C9C2A1C3E454B00534386 /* StoryDetialViewController.swift */ = {isa = PBXFileReference; fileEncoding = 4; lastKnownFileType = sourcecode.swift; path = StoryDetialViewController.swift; sourceTree = "<group>"; };
		941C9C2D1C3E5E0500534386 /* part1TableViewCell.swift */ = {isa = PBXFileReference; fileEncoding = 4; lastKnownFileType = sourcecode.swift; path = part1TableViewCell.swift; sourceTree = "<group>"; };
		941C9C2F1C3E5E1400534386 /* subPartTableViewCell.swift */ = {isa = PBXFileReference; fileEncoding = 4; lastKnownFileType = sourcecode.swift; path = subPartTableViewCell.swift; sourceTree = "<group>"; };
		941C9C311C3E5E2800534386 /* subPartListTableViewCell.swift */ = {isa = PBXFileReference; fileEncoding = 4; lastKnownFileType = sourcecode.swift; path = subPartListTableViewCell.swift; sourceTree = "<group>"; };
		941E3F881C43A90000E8A9AB /* facebookLoginViewController.swift */ = {isa = PBXFileReference; fileEncoding = 4; lastKnownFileType = sourcecode.swift; path = facebookLoginViewController.swift; sourceTree = "<group>"; };
		94453D181C44A67700B0C936 /* storiesTelling-Bridging-Header.h */ = {isa = PBXFileReference; fileEncoding = 4; lastKnownFileType = sourcecode.c.h; path = "storiesTelling-Bridging-Header.h"; sourceTree = "<group>"; };
		94453D1B1C44AB0100B0C936 /* createStoryViewController.swift */ = {isa = PBXFileReference; fileEncoding = 4; lastKnownFileType = sourcecode.swift; path = createStoryViewController.swift; sourceTree = "<group>"; };
		94453D1D1C44D7AF00B0C936 /* memberViewController.swift */ = {isa = PBXFileReference; fileEncoding = 4; lastKnownFileType = sourcecode.swift; path = memberViewController.swift; sourceTree = "<group>"; };
		94453D881C4771F400B0C936 /* Story.swift */ = {isa = PBXFileReference; fileEncoding = 4; lastKnownFileType = sourcecode.swift; path = Story.swift; sourceTree = "<group>"; };
		945103531C4CD74200679F89 /* squareDisplayTableViewCell.swift */ = {isa = PBXFileReference; fileEncoding = 4; lastKnownFileType = sourcecode.swift; path = squareDisplayTableViewCell.swift; sourceTree = "<group>"; };
		945103541C4CD74200679F89 /* squareDisplayTableViewCell.xib */ = {isa = PBXFileReference; fileEncoding = 4; lastKnownFileType = file.xib; path = squareDisplayTableViewCell.xib; sourceTree = "<group>"; };
		945103571C4CDA4200679F89 /* CollectionViewCell.swift */ = {isa = PBXFileReference; fileEncoding = 4; lastKnownFileType = sourcecode.swift; path = CollectionViewCell.swift; sourceTree = "<group>"; };
		945103581C4CDA4200679F89 /* CollectionViewCell.xib */ = {isa = PBXFileReference; fileEncoding = 4; lastKnownFileType = file.xib; path = CollectionViewCell.xib; sourceTree = "<group>"; };
		9451035D1C4CE5D400679F89 /* Parent.swift */ = {isa = PBXFileReference; fileEncoding = 4; lastKnownFileType = sourcecode.swift; path = Parent.swift; sourceTree = "<group>"; };
		9451038D1C4E0ED000679F89 /* Avatar.swift */ = {isa = PBXFileReference; fileEncoding = 4; lastKnownFileType = sourcecode.swift; path = Avatar.swift; sourceTree = "<group>"; };
		947BA0781C48C5AC001C9EAB /* photoViewController.swift */ = {isa = PBXFileReference; fileEncoding = 4; lastKnownFileType = sourcecode.swift; path = photoViewController.swift; sourceTree = "<group>"; };
		94A872EC1C28EF0C00E3ABB0 /* storiesTelling.app */ = {isa = PBXFileReference; explicitFileType = wrapper.application; includeInIndex = 0; path = storiesTelling.app; sourceTree = BUILT_PRODUCTS_DIR; };
		94A872EF1C28EF0C00E3ABB0 /* AppDelegate.swift */ = {isa = PBXFileReference; lastKnownFileType = sourcecode.swift; path = AppDelegate.swift; sourceTree = "<group>"; };
		94A872F11C28EF0C00E3ABB0 /* ViewController.swift */ = {isa = PBXFileReference; lastKnownFileType = sourcecode.swift; path = ViewController.swift; sourceTree = "<group>"; };
		94A872F41C28EF0C00E3ABB0 /* Base */ = {isa = PBXFileReference; lastKnownFileType = file.storyboard; name = Base; path = Base.lproj/Main.storyboard; sourceTree = "<group>"; };
		94A872F61C28EF0C00E3ABB0 /* Assets.xcassets */ = {isa = PBXFileReference; lastKnownFileType = folder.assetcatalog; path = Assets.xcassets; sourceTree = "<group>"; };
		94A872F91C28EF0C00E3ABB0 /* Base */ = {isa = PBXFileReference; lastKnownFileType = file.storyboard; name = Base; path = Base.lproj/LaunchScreen.storyboard; sourceTree = "<group>"; };
		94A872FB1C28EF0C00E3ABB0 /* Info.plist */ = {isa = PBXFileReference; lastKnownFileType = text.plist.xml; path = Info.plist; sourceTree = "<group>"; };
		94A873001C28EF0C00E3ABB0 /* storiesTellingTests.xctest */ = {isa = PBXFileReference; explicitFileType = wrapper.cfbundle; includeInIndex = 0; path = storiesTellingTests.xctest; sourceTree = BUILT_PRODUCTS_DIR; };
		94A873041C28EF0C00E3ABB0 /* storiesTellingTests.swift */ = {isa = PBXFileReference; lastKnownFileType = sourcecode.swift; path = storiesTellingTests.swift; sourceTree = "<group>"; };
		94A873061C28EF0C00E3ABB0 /* Info.plist */ = {isa = PBXFileReference; lastKnownFileType = text.plist.xml; path = Info.plist; sourceTree = "<group>"; };
		94FFE8321C424E9C0052F92E /* writePart1ViewController.swift */ = {isa = PBXFileReference; fileEncoding = 4; lastKnownFileType = sourcecode.swift; path = writePart1ViewController.swift; sourceTree = "<group>"; };
		DBD25511862AF39334F4675C /* Pods_storiesTelling.framework */ = {isa = PBXFileReference; explicitFileType = wrapper.framework; includeInIndex = 0; path = Pods_storiesTelling.framework; sourceTree = BUILT_PRODUCTS_DIR; };
/* End PBXFileReference section */

/* Begin PBXFrameworksBuildPhase section */
		94A872E91C28EF0C00E3ABB0 /* Frameworks */ = {
			isa = PBXFrameworksBuildPhase;
			buildActionMask = 2147483647;
			files = (
				42377DF7E287B8CA42ED0BB5 /* Pods_storiesTelling.framework in Frameworks */,
			);
			runOnlyForDeploymentPostprocessing = 0;
		};
		94A872FD1C28EF0C00E3ABB0 /* Frameworks */ = {
			isa = PBXFrameworksBuildPhase;
			buildActionMask = 2147483647;
			files = (
			);
			runOnlyForDeploymentPostprocessing = 0;
		};
/* End PBXFrameworksBuildPhase section */

/* Begin PBXGroup section */
		64CD27469D7996127C625560 /* Frameworks */ = {
			isa = PBXGroup;
			children = (
				DBD25511862AF39334F4675C /* Pods_storiesTelling.framework */,
			);
			name = Frameworks;
			sourceTree = "<group>";
		};
		8190BF696F163584EBF2549E /* Pods */ = {
			isa = PBXGroup;
			children = (
				50E5C7A1E301D131BA036A59 /* Pods-storiesTelling.debug.xcconfig */,
				7F4E9D0182462CC265055296 /* Pods-storiesTelling.release.xcconfig */,
			);
			name = Pods;
			sourceTree = "<group>";
		};
		941C9BF11C3D054C00534386 /* Swift */ = {
			isa = PBXGroup;
			children = (
				94453D881C4771F400B0C936 /* Story.swift */,
				9451035D1C4CE5D400679F89 /* Parent.swift */,
				9451038D1C4E0ED000679F89 /* Avatar.swift */,
				941C9C2C1C3E5DCE00534386 /* CellView */,
				94A872F11C28EF0C00E3ABB0 /* ViewController.swift */,
				94FFE8321C424E9C0052F92E /* writePart1ViewController.swift */,
				941C9BF21C3D3E0900534386 /* StorySummaryViewController.swift */,
				941C9C2A1C3E454B00534386 /* StoryDetialViewController.swift */,
				941E3F881C43A90000E8A9AB /* facebookLoginViewController.swift */,
				94453D1B1C44AB0100B0C936 /* createStoryViewController.swift */,
				94453D1D1C44D7AF00B0C936 /* memberViewController.swift */,
				947BA0781C48C5AC001C9EAB /* photoViewController.swift */,
				945103531C4CD74200679F89 /* squareDisplayTableViewCell.swift */,
				945103541C4CD74200679F89 /* squareDisplayTableViewCell.xib */,
				945103571C4CDA4200679F89 /* CollectionViewCell.swift */,
				945103581C4CDA4200679F89 /* CollectionViewCell.xib */,
			);
			name = Swift;
			sourceTree = "<group>";
		};
		941C9C2C1C3E5DCE00534386 /* CellView */ = {
			isa = PBXGroup;
			children = (
				941C9BEF1C3D04F900534386 /* StorySummaryCellTableViewCell.swift */,
				941C9C2D1C3E5E0500534386 /* part1TableViewCell.swift */,
				941C9C2F1C3E5E1400534386 /* subPartTableViewCell.swift */,
				941C9C311C3E5E2800534386 /* subPartListTableViewCell.swift */,
			);
			name = CellView;
			sourceTree = "<group>";
		};
		94A872E31C28EF0C00E3ABB0 = {
			isa = PBXGroup;
			children = (
				94A872EE1C28EF0C00E3ABB0 /* storiesTelling */,
				94A873031C28EF0C00E3ABB0 /* storiesTellingTests */,
				94A872ED1C28EF0C00E3ABB0 /* Products */,
				8190BF696F163584EBF2549E /* Pods */,
				64CD27469D7996127C625560 /* Frameworks */,
			);
			sourceTree = "<group>";
		};
		94A872ED1C28EF0C00E3ABB0 /* Products */ = {
			isa = PBXGroup;
			children = (
				94A872EC1C28EF0C00E3ABB0 /* storiesTelling.app */,
				94A873001C28EF0C00E3ABB0 /* storiesTellingTests.xctest */,
			);
			name = Products;
			sourceTree = "<group>";
		};
		94A872EE1C28EF0C00E3ABB0 /* storiesTelling */ = {
			isa = PBXGroup;
			children = (
				941C9BF11C3D054C00534386 /* Swift */,
				94A872EF1C28EF0C00E3ABB0 /* AppDelegate.swift */,
				94A872F31C28EF0C00E3ABB0 /* Main.storyboard */,
				94A872F61C28EF0C00E3ABB0 /* Assets.xcassets */,
				94A872F81C28EF0C00E3ABB0 /* LaunchScreen.storyboard */,
				94A872FB1C28EF0C00E3ABB0 /* Info.plist */,
				94453D181C44A67700B0C936 /* storiesTelling-Bridging-Header.h */,
			);
			path = storiesTelling;
			sourceTree = "<group>";
		};
		94A873031C28EF0C00E3ABB0 /* storiesTellingTests */ = {
			isa = PBXGroup;
			children = (
				94A873041C28EF0C00E3ABB0 /* storiesTellingTests.swift */,
				94A873061C28EF0C00E3ABB0 /* Info.plist */,
			);
			path = storiesTellingTests;
			sourceTree = "<group>";
		};
/* End PBXGroup section */

/* Begin PBXNativeTarget section */
		94A872EB1C28EF0C00E3ABB0 /* storiesTelling */ = {
			isa = PBXNativeTarget;
			buildConfigurationList = 94A873091C28EF0C00E3ABB0 /* Build configuration list for PBXNativeTarget "storiesTelling" */;
			buildPhases = (
				906D30A5E36917B38F1513F1 /* Check Pods Manifest.lock */,
				94A872E81C28EF0C00E3ABB0 /* Sources */,
				94A872E91C28EF0C00E3ABB0 /* Frameworks */,
				94A872EA1C28EF0C00E3ABB0 /* Resources */,
				38113076EADB7FA5FA9828EA /* Embed Pods Frameworks */,
				78AC8D1F9D57A8B4089D124E /* Copy Pods Resources */,
			);
			buildRules = (
			);
			dependencies = (
			);
			name = storiesTelling;
			productName = storiesTelling;
			productReference = 94A872EC1C28EF0C00E3ABB0 /* storiesTelling.app */;
			productType = "com.apple.product-type.application";
		};
		94A872FF1C28EF0C00E3ABB0 /* storiesTellingTests */ = {
			isa = PBXNativeTarget;
			buildConfigurationList = 94A8730C1C28EF0C00E3ABB0 /* Build configuration list for PBXNativeTarget "storiesTellingTests" */;
			buildPhases = (
				94A872FC1C28EF0C00E3ABB0 /* Sources */,
				94A872FD1C28EF0C00E3ABB0 /* Frameworks */,
				94A872FE1C28EF0C00E3ABB0 /* Resources */,
			);
			buildRules = (
			);
			dependencies = (
				94A873021C28EF0C00E3ABB0 /* PBXTargetDependency */,
			);
			name = storiesTellingTests;
			productName = storiesTellingTests;
			productReference = 94A873001C28EF0C00E3ABB0 /* storiesTellingTests.xctest */;
			productType = "com.apple.product-type.bundle.unit-test";
		};
/* End PBXNativeTarget section */

/* Begin PBXProject section */
		94A872E41C28EF0C00E3ABB0 /* Project object */ = {
			isa = PBXProject;
			attributes = {
				LastSwiftUpdateCheck = 0720;
				LastUpgradeCheck = 0720;
				ORGANIZATIONNAME = Ryan;
				TargetAttributes = {
					94A872EB1C28EF0C00E3ABB0 = {
						CreatedOnToolsVersion = 7.2;
						DevelopmentTeam = 8H7X36TF25;
					};
					94A872FF1C28EF0C00E3ABB0 = {
						CreatedOnToolsVersion = 7.2;
						TestTargetID = 94A872EB1C28EF0C00E3ABB0;
					};
				};
			};
			buildConfigurationList = 94A872E71C28EF0C00E3ABB0 /* Build configuration list for PBXProject "storiesTelling" */;
			compatibilityVersion = "Xcode 3.2";
			developmentRegion = English;
			hasScannedForEncodings = 0;
			knownRegions = (
				en,
				Base,
			);
			mainGroup = 94A872E31C28EF0C00E3ABB0;
			productRefGroup = 94A872ED1C28EF0C00E3ABB0 /* Products */;
			projectDirPath = "";
			projectRoot = "";
			targets = (
				94A872EB1C28EF0C00E3ABB0 /* storiesTelling */,
				94A872FF1C28EF0C00E3ABB0 /* storiesTellingTests */,
			);
		};
/* End PBXProject section */

/* Begin PBXResourcesBuildPhase section */
		94A872EA1C28EF0C00E3ABB0 /* Resources */ = {
			isa = PBXResourcesBuildPhase;
			buildActionMask = 2147483647;
			files = (
				94A872FA1C28EF0C00E3ABB0 /* LaunchScreen.storyboard in Resources */,
				945103561C4CD74200679F89 /* squareDisplayTableViewCell.xib in Resources */,
				94A872F71C28EF0C00E3ABB0 /* Assets.xcassets in Resources */,
				94A872F51C28EF0C00E3ABB0 /* Main.storyboard in Resources */,
				9451035A1C4CDA4200679F89 /* CollectionViewCell.xib in Resources */,
			);
			runOnlyForDeploymentPostprocessing = 0;
		};
		94A872FE1C28EF0C00E3ABB0 /* Resources */ = {
			isa = PBXResourcesBuildPhase;
			buildActionMask = 2147483647;
			files = (
			);
			runOnlyForDeploymentPostprocessing = 0;
		};
/* End PBXResourcesBuildPhase section */

/* Begin PBXShellScriptBuildPhase section */
		38113076EADB7FA5FA9828EA /* Embed Pods Frameworks */ = {
			isa = PBXShellScriptBuildPhase;
			buildActionMask = 2147483647;
			files = (
			);
			inputPaths = (
			);
			name = "Embed Pods Frameworks";
			outputPaths = (
			);
			runOnlyForDeploymentPostprocessing = 0;
			shellPath = /bin/sh;
			shellScript = "\"${SRCROOT}/Pods/Target Support Files/Pods-storiesTelling/Pods-storiesTelling-frameworks.sh\"\n";
			showEnvVarsInLog = 0;
		};
		78AC8D1F9D57A8B4089D124E /* Copy Pods Resources */ = {
			isa = PBXShellScriptBuildPhase;
			buildActionMask = 2147483647;
			files = (
			);
			inputPaths = (
			);
			name = "Copy Pods Resources";
			outputPaths = (
			);
			runOnlyForDeploymentPostprocessing = 0;
			shellPath = /bin/sh;
			shellScript = "\"${SRCROOT}/Pods/Target Support Files/Pods-storiesTelling/Pods-storiesTelling-resources.sh\"\n";
			showEnvVarsInLog = 0;
		};
		906D30A5E36917B38F1513F1 /* Check Pods Manifest.lock */ = {
			isa = PBXShellScriptBuildPhase;
			buildActionMask = 2147483647;
			files = (
			);
			inputPaths = (
			);
			name = "Check Pods Manifest.lock";
			outputPaths = (
			);
			runOnlyForDeploymentPostprocessing = 0;
			shellPath = /bin/sh;
			shellScript = "diff \"${PODS_ROOT}/../Podfile.lock\" \"${PODS_ROOT}/Manifest.lock\" > /dev/null\nif [[ $? != 0 ]] ; then\n    cat << EOM\nerror: The sandbox is not in sync with the Podfile.lock. Run 'pod install' or update your CocoaPods installation.\nEOM\n    exit 1\nfi\n";
			showEnvVarsInLog = 0;
		};
/* End PBXShellScriptBuildPhase section */

/* Begin PBXSourcesBuildPhase section */
		94A872E81C28EF0C00E3ABB0 /* Sources */ = {
			isa = PBXSourcesBuildPhase;
			buildActionMask = 2147483647;
			files = (
				94FFE8331C424E9C0052F92E /* writePart1ViewController.swift in Sources */,
				94A872F21C28EF0C00E3ABB0 /* ViewController.swift in Sources */,
				945103591C4CDA4200679F89 /* CollectionViewCell.swift in Sources */,
				9451035E1C4CE5D400679F89 /* Parent.swift in Sources */,
				941C9C321C3E5E2800534386 /* subPartListTableViewCell.swift in Sources */,
				941C9C2B1C3E454B00534386 /* StoryDetialViewController.swift in Sources */,
				94453D1E1C44D7AF00B0C936 /* memberViewController.swift in Sources */,
				94A872F01C28EF0C00E3ABB0 /* AppDelegate.swift in Sources */,
				94453D891C4771F400B0C936 /* Story.swift in Sources */,
				941C9BF31C3D3E0900534386 /* StorySummaryViewController.swift in Sources */,
				941C9C2E1C3E5E0500534386 /* part1TableViewCell.swift in Sources */,
				945103551C4CD74200679F89 /* squareDisplayTableViewCell.swift in Sources */,
				9451038E1C4E0ED000679F89 /* Avatar.swift in Sources */,
				947BA0791C48C5AC001C9EAB /* photoViewController.swift in Sources */,
				941C9C301C3E5E1400534386 /* subPartTableViewCell.swift in Sources */,
				941E3F891C43A90000E8A9AB /* facebookLoginViewController.swift in Sources */,
				94453D1C1C44AB0100B0C936 /* createStoryViewController.swift in Sources */,
				941C9BF01C3D04F900534386 /* StorySummaryCellTableViewCell.swift in Sources */,
			);
			runOnlyForDeploymentPostprocessing = 0;
		};
		94A872FC1C28EF0C00E3ABB0 /* Sources */ = {
			isa = PBXSourcesBuildPhase;
			buildActionMask = 2147483647;
			files = (
				94A873051C28EF0C00E3ABB0 /* storiesTellingTests.swift in Sources */,
			);
			runOnlyForDeploymentPostprocessing = 0;
		};
/* End PBXSourcesBuildPhase section */

/* Begin PBXTargetDependency section */
		94A873021C28EF0C00E3ABB0 /* PBXTargetDependency */ = {
			isa = PBXTargetDependency;
			target = 94A872EB1C28EF0C00E3ABB0 /* storiesTelling */;
			targetProxy = 94A873011C28EF0C00E3ABB0 /* PBXContainerItemProxy */;
		};
/* End PBXTargetDependency section */

/* Begin PBXVariantGroup section */
		94A872F31C28EF0C00E3ABB0 /* Main.storyboard */ = {
			isa = PBXVariantGroup;
			children = (
				94A872F41C28EF0C00E3ABB0 /* Base */,
			);
			name = Main.storyboard;
			sourceTree = "<group>";
		};
		94A872F81C28EF0C00E3ABB0 /* LaunchScreen.storyboard */ = {
			isa = PBXVariantGroup;
			children = (
				94A872F91C28EF0C00E3ABB0 /* Base */,
			);
			name = LaunchScreen.storyboard;
			sourceTree = "<group>";
		};
/* End PBXVariantGroup section */

/* Begin XCBuildConfiguration section */
		94A873071C28EF0C00E3ABB0 /* Debug */ = {
			isa = XCBuildConfiguration;
			buildSettings = {
				ALWAYS_SEARCH_USER_PATHS = NO;
				CLANG_CXX_LANGUAGE_STANDARD = "gnu++0x";
				CLANG_CXX_LIBRARY = "libc++";
				CLANG_ENABLE_MODULES = YES;
				CLANG_ENABLE_OBJC_ARC = YES;
				CLANG_WARN_BOOL_CONVERSION = YES;
				CLANG_WARN_CONSTANT_CONVERSION = YES;
				CLANG_WARN_DIRECT_OBJC_ISA_USAGE = YES_ERROR;
				CLANG_WARN_EMPTY_BODY = YES;
				CLANG_WARN_ENUM_CONVERSION = YES;
				CLANG_WARN_INT_CONVERSION = YES;
				CLANG_WARN_OBJC_ROOT_CLASS = YES_ERROR;
				CLANG_WARN_UNREACHABLE_CODE = YES;
				CLANG_WARN__DUPLICATE_METHOD_MATCH = YES;
				"CODE_SIGN_IDENTITY[sdk=iphoneos*]" = "iPhone Developer";
				COPY_PHASE_STRIP = NO;
				DEBUG_INFORMATION_FORMAT = dwarf;
				ENABLE_STRICT_OBJC_MSGSEND = YES;
				ENABLE_TESTABILITY = YES;
				GCC_C_LANGUAGE_STANDARD = gnu99;
				GCC_DYNAMIC_NO_PIC = NO;
				GCC_NO_COMMON_BLOCKS = YES;
				GCC_OPTIMIZATION_LEVEL = 0;
				GCC_PREPROCESSOR_DEFINITIONS = (
					"DEBUG=1",
					"$(inherited)",
				);
				GCC_WARN_64_TO_32_BIT_CONVERSION = YES;
				GCC_WARN_ABOUT_RETURN_TYPE = YES_ERROR;
				GCC_WARN_UNDECLARED_SELECTOR = YES;
				GCC_WARN_UNINITIALIZED_AUTOS = YES_AGGRESSIVE;
				GCC_WARN_UNUSED_FUNCTION = YES;
				GCC_WARN_UNUSED_VARIABLE = YES;
				IPHONEOS_DEPLOYMENT_TARGET = 9.2;
				MTL_ENABLE_DEBUG_INFO = YES;
				ONLY_ACTIVE_ARCH = YES;
				SDKROOT = iphoneos;
				SWIFT_OPTIMIZATION_LEVEL = "-Onone";
				TARGETED_DEVICE_FAMILY = "1,2";
			};
			name = Debug;
		};
		94A873081C28EF0C00E3ABB0 /* Release */ = {
			isa = XCBuildConfiguration;
			buildSettings = {
				ALWAYS_SEARCH_USER_PATHS = NO;
				CLANG_CXX_LANGUAGE_STANDARD = "gnu++0x";
				CLANG_CXX_LIBRARY = "libc++";
				CLANG_ENABLE_MODULES = YES;
				CLANG_ENABLE_OBJC_ARC = YES;
				CLANG_WARN_BOOL_CONVERSION = YES;
				CLANG_WARN_CONSTANT_CONVERSION = YES;
				CLANG_WARN_DIRECT_OBJC_ISA_USAGE = YES_ERROR;
				CLANG_WARN_EMPTY_BODY = YES;
				CLANG_WARN_ENUM_CONVERSION = YES;
				CLANG_WARN_INT_CONVERSION = YES;
				CLANG_WARN_OBJC_ROOT_CLASS = YES_ERROR;
				CLANG_WARN_UNREACHABLE_CODE = YES;
				CLANG_WARN__DUPLICATE_METHOD_MATCH = YES;
				"CODE_SIGN_IDENTITY[sdk=iphoneos*]" = "iPhone Developer";
				COPY_PHASE_STRIP = NO;
				DEBUG_INFORMATION_FORMAT = "dwarf-with-dsym";
				ENABLE_NS_ASSERTIONS = NO;
				ENABLE_STRICT_OBJC_MSGSEND = YES;
				FRAMEWORK_SEARCH_PATHS = "";
				"FRAMEWORK_SEARCH_PATHS[arch=*]" = "";
				GCC_C_LANGUAGE_STANDARD = gnu99;
				GCC_NO_COMMON_BLOCKS = YES;
				GCC_WARN_64_TO_32_BIT_CONVERSION = YES;
				GCC_WARN_ABOUT_RETURN_TYPE = YES_ERROR;
				GCC_WARN_UNDECLARED_SELECTOR = YES;
				GCC_WARN_UNINITIALIZED_AUTOS = YES_AGGRESSIVE;
				GCC_WARN_UNUSED_FUNCTION = YES;
				GCC_WARN_UNUSED_VARIABLE = YES;
				IPHONEOS_DEPLOYMENT_TARGET = 9.2;
				MTL_ENABLE_DEBUG_INFO = NO;
				SDKROOT = iphoneos;
				TARGETED_DEVICE_FAMILY = "1,2";
				VALIDATE_PRODUCT = YES;
			};
			name = Release;
		};
		94A8730A1C28EF0C00E3ABB0 /* Debug */ = {
			isa = XCBuildConfiguration;
			baseConfigurationReference = 50E5C7A1E301D131BA036A59 /* Pods-storiesTelling.debug.xcconfig */;
			buildSettings = {
				ASSETCATALOG_COMPILER_APPICON_NAME = AppIcon;
				ASSETCATALOG_COMPILER_LAUNCHIMAGE_NAME = "Brand Assets";
				CODE_SIGN_IDENTITY = "iPhone Developer";
				INFOPLIST_FILE = storiesTelling/Info.plist;
				LD_RUNPATH_SEARCH_PATHS = "$(inherited) @executable_path/Frameworks";
				PRODUCT_BUNDLE_IDENTIFIER = com.ryanchengwy.storiesTelling;
				PRODUCT_NAME = "$(TARGET_NAME)";
				TARGETED_DEVICE_FAMILY = 1;
			};
			name = Debug;
		};
		94A8730B1C28EF0C00E3ABB0 /* Release */ = {
			isa = XCBuildConfiguration;
			baseConfigurationReference = 7F4E9D0182462CC265055296 /* Pods-storiesTelling.release.xcconfig */;
			buildSettings = {
				ASSETCATALOG_COMPILER_APPICON_NAME = AppIcon;
				ASSETCATALOG_COMPILER_LAUNCHIMAGE_NAME = "Brand Assets";
				CODE_SIGN_IDENTITY = "iPhone Developer";
				FRAMEWORK_SEARCH_PATHS = "";
				"FRAMEWORK_SEARCH_PATHS[arch=*]" = "";
				INFOPLIST_FILE = storiesTelling/Info.plist;
				LD_RUNPATH_SEARCH_PATHS = "$(inherited) @executable_path/Frameworks";
				PRODUCT_BUNDLE_IDENTIFIER = com.ryanchengwy.storiesTelling;
				PRODUCT_NAME = "$(TARGET_NAME)";
				TARGETED_DEVICE_FAMILY = 1;
			};
			name = Release;
		};
		94A8730D1C28EF0C00E3ABB0 /* Debug */ = {
			isa = XCBuildConfiguration;
			buildSettings = {
				BUNDLE_LOADER = "$(TEST_HOST)";
				INFOPLIST_FILE = storiesTellingTests/Info.plist;
				LD_RUNPATH_SEARCH_PATHS = "$(inherited) @executable_path/Frameworks @loader_path/Frameworks";
				PRODUCT_BUNDLE_IDENTIFIER = com.ryanchengwy.storiesTellingTests;
				PRODUCT_NAME = "$(TARGET_NAME)";
				TEST_HOST = "$(BUILT_PRODUCTS_DIR)/storiesTelling.app/storiesTelling";
			};
			name = Debug;
		};
		94A8730E1C28EF0C00E3ABB0 /* Release */ = {
			isa = XCBuildConfiguration;
			buildSettings = {
				BUNDLE_LOADER = "$(TEST_HOST)";
				INFOPLIST_FILE = storiesTellingTests/Info.plist;
				LD_RUNPATH_SEARCH_PATHS = "$(inherited) @executable_path/Frameworks @loader_path/Frameworks";
				PRODUCT_BUNDLE_IDENTIFIER = com.ryanchengwy.storiesTellingTests;
				PRODUCT_NAME = "$(TARGET_NAME)";
				TEST_HOST = "$(BUILT_PRODUCTS_DIR)/storiesTelling.app/storiesTelling";
			};
			name = Release;
		};
/* End XCBuildConfiguration section */

/* Begin XCConfigurationList section */
		94A872E71C28EF0C00E3ABB0 /* Build configuration list for PBXProject "storiesTelling" */ = {
			isa = XCConfigurationList;
			buildConfigurations = (
				94A873071C28EF0C00E3ABB0 /* Debug */,
				94A873081C28EF0C00E3ABB0 /* Release */,
			);
			defaultConfigurationIsVisible = 0;
			defaultConfigurationName = Release;
		};
		94A873091C28EF0C00E3ABB0 /* Build configuration list for PBXNativeTarget "storiesTelling" */ = {
			isa = XCConfigurationList;
			buildConfigurations = (
				94A8730A1C28EF0C00E3ABB0 /* Debug */,
				94A8730B1C28EF0C00E3ABB0 /* Release */,
			);
			defaultConfigurationIsVisible = 0;
			defaultConfigurationName = Release;
		};
		94A8730C1C28EF0C00E3ABB0 /* Build configuration list for PBXNativeTarget "storiesTellingTests" */ = {
			isa = XCConfigurationList;
			buildConfigurations = (
				94A8730D1C28EF0C00E3ABB0 /* Debug */,
				94A8730E1C28EF0C00E3ABB0 /* Release */,
			);
			defaultConfigurationIsVisible = 0;
			defaultConfigurationName = Release;
		};
/* End XCConfigurationList section */
	};
	rootObject = 94A872E41C28EF0C00E3ABB0 /* Project object */;
}
